
Microsoft Visual Studio Solution File, Format Version 12.00
# Visual Studio Version 16
VisualStudioVersion = 16.0.30104.148
MinimumVisualStudioVersion = 10.0.40219.1
Project("{FAE04EC0-301F-11D3-BF4B-00C04F79EFBC}") = "Pubtracker2Json", "Pubtracker2Json\Pubtracker2Json.csproj", "{2D718A77-0505-4422-97E9-71F49BE31855}"
EndProject
Project("{FAE04EC0-301F-11D3-BF4B-00C04F79EFBC}") = "Pubtracker2FrontEnd", "Pubtracker2FrontEnd\Pubtracker2FrontEnd.csproj", "{A33A8865-FCE2-4D51-98A0-FC5C5EF592D8}"
	ProjectSection(ProjectDependencies) = postProject
		{BCFB2BD1-89BA-43A1-8E17-7802035F5CAE} = {BCFB2BD1-89BA-43A1-8E17-7802035F5CAE}
	EndProjectSection
EndProject
Project("{FAE04EC0-301F-11D3-BF4B-00C04F79EFBC}") = "Pubtracker2Sql", "Pubtracker2Sql\Pubtracker2Sql.csproj", "{BCFB2BD1-89BA-43A1-8E17-7802035F5CAE}"
EndProject
Project("{FAE04EC0-301F-11D3-BF4B-00C04F79EFBC}") = "Pubtracker2Cosmos", "Pubtracker2Cosmos\Pubtracker2Cosmos.csproj", "{4057AFAD-A205-4968-8BB9-DA005BCC7510}"
EndProject
Global
	GlobalSection(SolutionConfigurationPlatforms) = preSolution
		Debug|Any CPU = Debug|Any CPU
		Release|Any CPU = Release|Any CPU
	EndGlobalSection
	GlobalSection(ProjectConfigurationPlatforms) = postSolution
		{2D718A77-0505-4422-97E9-71F49BE31855}.Debug|Any CPU.ActiveCfg = Debug|Any CPU
		{2D718A77-0505-4422-97E9-71F49BE31855}.Debug|Any CPU.Build.0 = Debug|Any CPU
		{2D718A77-0505-4422-97E9-71F49BE31855}.Release|Any CPU.ActiveCfg = Release|Any CPU
		{2D718A77-0505-4422-97E9-71F49BE31855}.Release|Any CPU.Build.0 = Release|Any CPU
		{A33A8865-FCE2-4D51-98A0-FC5C5EF592D8}.Debug|Any CPU.ActiveCfg = Debug|Any CPU
		{A33A8865-FCE2-4D51-98A0-FC5C5EF592D8}.Debug|Any CPU.Build.0 = Debug|Any CPU
		{A33A8865-FCE2-4D51-98A0-FC5C5EF592D8}.Release|Any CPU.ActiveCfg = Release|Any CPU
		{A33A8865-FCE2-4D51-98A0-FC5C5EF592D8}.Release|Any CPU.Build.0 = Release|Any CPU
		{BCFB2BD1-89BA-43A1-8E17-7802035F5CAE}.Debug|Any CPU.ActiveCfg = Debug|Any CPU
		{BCFB2BD1-89BA-43A1-8E17-7802035F5CAE}.Debug|Any CPU.Build.0 = Debug|Any CPU
		{BCFB2BD1-89BA-43A1-8E17-7802035F5CAE}.Release|Any CPU.ActiveCfg = Release|Any CPU
		{BCFB2BD1-89BA-43A1-8E17-7802035F5CAE}.Release|Any CPU.Build.0 = Release|Any CPU
		{4057AFAD-A205-4968-8BB9-DA005BCC7510}.Debug|Any CPU.ActiveCfg = Debug|Any CPU
		{4057AFAD-A205-4968-8BB9-DA005BCC7510}.Debug|Any CPU.Build.0 = Debug|Any CPU
		{4057AFAD-A205-4968-8BB9-DA005BCC7510}.Release|Any CPU.ActiveCfg = Release|Any CPU
		{4057AFAD-A205-4968-8BB9-DA005BCC7510}.Release|Any CPU.Build.0 = Release|Any CPU
	EndGlobalSection
	GlobalSection(SolutionProperties) = preSolution
		HideSolutionNode = FALSE
	EndGlobalSection
	GlobalSection(ExtensibilityGlobals) = postSolution
		SolutionGuid = {4D678C80-00E3-4469-AA4E-A22DC348AE47}
	EndGlobalSection
EndGlobal
